
Microsoft Visual Studio Solution File, Format Version 12.00
# Visual Studio 15
VisualStudioVersion = 15.0.27428.2043
MinimumVisualStudioVersion = 10.0.40219.1
Project("{8BC9CEB8-8B4A-11D0-8D11-00A0C91BC942}") = "bmicalc", "bmicalc.vcxproj", "{FAF08A93-3C7A-47CA-B23D-074BA8F57B47}"
EndProject
Global
	GlobalSection(SolutionConfigurationPlatforms) = preSolution
		Debug|x64 = Debug|x64
		Debug|x86 = Debug|x86
		Release|x64 = Release|x64
		Release|x86 = Release|x86
	EndGlobalSection
	GlobalSection(ProjectConfigurationPlatforms) = postSolution
		{FAF08A93-3C7A-47CA-B23D-074BA8F57B47}.Debug|x64.ActiveCfg = Debug|x64
		{FAF08A93-3C7A-47CA-B23D-074BA8F57B47}.Debug|x64.Build.0 = Debug|x64
		{FAF08A93-3C7A-47CA-B23D-074BA8F57B47}.Debug|x86.ActiveCfg = Debug|Win32
		{FAF08A93-3C7A-47CA-B23D-074BA8F57B47}.Debug|x86.Build.0 = Debug|Win32
		{FAF08A93-3C7A-47CA-B23D-074BA8F57B47}.Release|x64.ActiveCfg = Release|x64
		{FAF08A93-3C7A-47CA-B23D-074BA8F57B47}.Release|x64.Build.0 = Release|x64
		{FAF08A93-3C7A-47CA-B23D-074BA8F57B47}.Release|x86.ActiveCfg = Release|Win32
		{FAF08A93-3C7A-47CA-B23D-074BA8F57B47}.Release|x86.Build.0 = Release|Win32
	EndGlobalSection
	GlobalSection(SolutionProperties) = preSolution
		HideSolutionNode = FALSE
	EndGlobalSection
	GlobalSection(ExtensibilityGlobals) = postSolution
		SolutionGuid = {416E179D-EE8E-49FE-916B-A77D7F54098C}
	EndGlobalSection
EndGlobal
