
Microsoft Visual Studio Solution File, Format Version 12.00
# Visual Studio 15
VisualStudioVersion = 15.0.27428.2037
MinimumVisualStudioVersion = 10.0.40219.1
Project("{8BC9CEB8-8B4A-11D0-8D11-00A0C91BC942}") = "RPS", "RPS\RPS.vcxproj", "{E0635BE3-C4C1-4C59-A456-F6B89FFDEF1D}"
EndProject
Global
	GlobalSection(SolutionConfigurationPlatforms) = preSolution
		Debug|x64 = Debug|x64
		Debug|x86 = Debug|x86
		Release|x64 = Release|x64
		Release|x86 = Release|x86
	EndGlobalSection
	GlobalSection(ProjectConfigurationPlatforms) = postSolution
		{E0635BE3-C4C1-4C59-A456-F6B89FFDEF1D}.Debug|x64.ActiveCfg = Debug|x64
		{E0635BE3-C4C1-4C59-A456-F6B89FFDEF1D}.Debug|x64.Build.0 = Debug|x64
		{E0635BE3-C4C1-4C59-A456-F6B89FFDEF1D}.Debug|x86.ActiveCfg = Debug|Win32
		{E0635BE3-C4C1-4C59-A456-F6B89FFDEF1D}.Debug|x86.Build.0 = Debug|Win32
		{E0635BE3-C4C1-4C59-A456-F6B89FFDEF1D}.Release|x64.ActiveCfg = Release|x64
		{E0635BE3-C4C1-4C59-A456-F6B89FFDEF1D}.Release|x64.Build.0 = Release|x64
		{E0635BE3-C4C1-4C59-A456-F6B89FFDEF1D}.Release|x86.ActiveCfg = Release|Win32
		{E0635BE3-C4C1-4C59-A456-F6B89FFDEF1D}.Release|x86.Build.0 = Release|Win32
	EndGlobalSection
	GlobalSection(SolutionProperties) = preSolution
		HideSolutionNode = FALSE
	EndGlobalSection
	GlobalSection(ExtensibilityGlobals) = postSolution
		SolutionGuid = {161A68DE-2369-4C3C-BBEC-317907995DF1}
	EndGlobalSection
EndGlobal
